// !$*UTF8*$!
{
	archiveVersion = 1;
	classes = {
	};
	objectVersion = 50;
	objects = {

/* Begin PBXBuildFile section */
		8D6333E3264B23EB005E08FE /* AppDelegate.swift in Sources */ = {isa = PBXBuildFile; fileRef = 8D6333E2264B23EB005E08FE /* AppDelegate.swift */; };
		8D6333E5264B23EB005E08FE /* SceneDelegate.swift in Sources */ = {isa = PBXBuildFile; fileRef = 8D6333E4264B23EB005E08FE /* SceneDelegate.swift */; };
		8D6333E7264B23EB005E08FE /* ViewController.swift in Sources */ = {isa = PBXBuildFile; fileRef = 8D6333E6264B23EB005E08FE /* ViewController.swift */; };
		8D6333EA264B23EB005E08FE /* Main.storyboard in Resources */ = {isa = PBXBuildFile; fileRef = 8D6333E8264B23EB005E08FE /* Main.storyboard */; };
		8D6333EC264B23ED005E08FE /* Assets.xcassets in Resources */ = {isa = PBXBuildFile; fileRef = 8D6333EB264B23ED005E08FE /* Assets.xcassets */; };
		8D6333EF264B23ED005E08FE /* LaunchScreen.storyboard in Resources */ = {isa = PBXBuildFile; fileRef = 8D6333ED264B23ED005E08FE /* LaunchScreen.storyboard */; };
		8D6333F8264B243A005E08FE /* APIError.swift in Sources */ = {isa = PBXBuildFile; fileRef = 8D6333F7264B243A005E08FE /* APIError.swift */; };
		8D6333FA264B24A6005E08FE /* Login.swift in Sources */ = {isa = PBXBuildFile; fileRef = 8D6333F9264B24A6005E08FE /* Login.swift */; };
		8D6333FC264B252F005E08FE /* getToken.swift in Sources */ = {isa = PBXBuildFile; fileRef = 8D6333FB264B252F005E08FE /* getToken.swift */; };
		8D6333FF264B3349005E08FE /* NewtworkServices.swift in Sources */ = {isa = PBXBuildFile; fileRef = 8D6333FE264B3349005E08FE /* NewtworkServices.swift */; };
		8DDFF9E4264D993800C7FC46 /* Contacts.swift in Sources */ = {isa = PBXBuildFile; fileRef = 8DDFF9E3264D993800C7FC46 /* Contacts.swift */; };
		8DF2756C264C4C6B00A74AC6 /* MD5.swift in Sources */ = {isa = PBXBuildFile; fileRef = 8DF2756B264C4C6B00A74AC6 /* MD5.swift */; };
/* End PBXBuildFile section */

/* Begin PBXFileReference section */
		8D6333DF264B23EB005E08FE /* Login.app */ = {isa = PBXFileReference; explicitFileType = wrapper.application; includeInIndex = 0; path = Login.app; sourceTree = BUILT_PRODUCTS_DIR; };
		8D6333E2264B23EB005E08FE /* AppDelegate.swift */ = {isa = PBXFileReference; lastKnownFileType = sourcecode.swift; path = AppDelegate.swift; sourceTree = "<group>"; };
		8D6333E4264B23EB005E08FE /* SceneDelegate.swift */ = {isa = PBXFileReference; lastKnownFileType = sourcecode.swift; path = SceneDelegate.swift; sourceTree = "<group>"; };
		8D6333E6264B23EB005E08FE /* ViewController.swift */ = {isa = PBXFileReference; lastKnownFileType = sourcecode.swift; path = ViewController.swift; sourceTree = "<group>"; };
		8D6333E9264B23EB005E08FE /* Base */ = {isa = PBXFileReference; lastKnownFileType = file.storyboard; name = Base; path = Base.lproj/Main.storyboard; sourceTree = "<group>"; };
		8D6333EB264B23ED005E08FE /* Assets.xcassets */ = {isa = PBXFileReference; lastKnownFileType = folder.assetcatalog; path = Assets.xcassets; sourceTree = "<group>"; };
		8D6333EE264B23ED005E08FE /* Base */ = {isa = PBXFileReference; lastKnownFileType = file.storyboard; name = Base; path = Base.lproj/LaunchScreen.storyboard; sourceTree = "<group>"; };
		8D6333F0264B23ED005E08FE /* Info.plist */ = {isa = PBXFileReference; lastKnownFileType = text.plist.xml; path = Info.plist; sourceTree = "<group>"; };
		8D6333F7264B243A005E08FE /* APIError.swift */ = {isa = PBXFileReference; lastKnownFileType = sourcecode.swift; path = APIError.swift; sourceTree = "<group>"; };
		8D6333F9264B24A6005E08FE /* Login.swift */ = {isa = PBXFileReference; lastKnownFileType = sourcecode.swift; path = Login.swift; sourceTree = "<group>"; };
		8D6333FB264B252F005E08FE /* getToken.swift */ = {isa = PBXFileReference; lastKnownFileType = sourcecode.swift; path = getToken.swift; sourceTree = "<group>"; };
		8D6333FE264B3349005E08FE /* NewtworkServices.swift */ = {isa = PBXFileReference; lastKnownFileType = sourcecode.swift; path = NewtworkServices.swift; sourceTree = "<group>"; };
		8DDFF9E3264D993800C7FC46 /* Contacts.swift */ = {isa = PBXFileReference; lastKnownFileType = sourcecode.swift; path = Contacts.swift; sourceTree = "<group>"; };
		8DF2756B264C4C6B00A74AC6 /* MD5.swift */ = {isa = PBXFileReference; lastKnownFileType = sourcecode.swift; path = MD5.swift; sourceTree = "<group>"; };
/* End PBXFileReference section */

/* Begin PBXFrameworksBuildPhase section */
		8D6333DC264B23EB005E08FE /* Frameworks */ = {
			isa = PBXFrameworksBuildPhase;
			buildActionMask = 2147483647;
			files = (
			);
			runOnlyForDeploymentPostprocessing = 0;
		};
/* End PBXFrameworksBuildPhase section */

/* Begin PBXGroup section */
		8D6333D6264B23EA005E08FE = {
			isa = PBXGroup;
			children = (
				8D6333E1264B23EB005E08FE /* Login */,
				8D6333E0264B23EB005E08FE /* Products */,
			);
			sourceTree = "<group>";
		};
		8D6333E0264B23EB005E08FE /* Products */ = {
			isa = PBXGroup;
			children = (
				8D6333DF264B23EB005E08FE /* Login.app */,
			);
			name = Products;
			sourceTree = "<group>";
		};
		8D6333E1264B23EB005E08FE /* Login */ = {
			isa = PBXGroup;
			children = (
				8DF27569264C4C4400A74AC6 /* Extensions */,
				8D6333FD264B331E005E08FE /* Services */,
				8D6333F6264B241D005E08FE /* Model */,
				8D6333E2264B23EB005E08FE /* AppDelegate.swift */,
				8D6333E4264B23EB005E08FE /* SceneDelegate.swift */,
				8D6333E6264B23EB005E08FE /* ViewController.swift */,
				8D6333E8264B23EB005E08FE /* Main.storyboard */,
				8D6333EB264B23ED005E08FE /* Assets.xcassets */,
				8D6333ED264B23ED005E08FE /* LaunchScreen.storyboard */,
				8D6333F0264B23ED005E08FE /* Info.plist */,
			);
			path = Login;
			sourceTree = "<group>";
		};
		8D6333F6264B241D005E08FE /* Model */ = {
			isa = PBXGroup;
			children = (
				8D6333F7264B243A005E08FE /* APIError.swift */,
				8D6333F9264B24A6005E08FE /* Login.swift */,
				8D6333FB264B252F005E08FE /* getToken.swift */,
				8DDFF9E3264D993800C7FC46 /* Contacts.swift */,
			);
			path = Model;
			sourceTree = "<group>";
		};
		8D6333FD264B331E005E08FE /* Services */ = {
			isa = PBXGroup;
			children = (
				8D6333FE264B3349005E08FE /* NewtworkServices.swift */,
			);
			name = Services;
			sourceTree = "<group>";
		};
		8DF27569264C4C4400A74AC6 /* Extensions */ = {
			isa = PBXGroup;
			children = (
				8DF2756B264C4C6B00A74AC6 /* MD5.swift */,
			);
			path = Extensions;
			sourceTree = "<group>";
		};
/* End PBXGroup section */

/* Begin PBXNativeTarget section */
		8D6333DE264B23EB005E08FE /* Login */ = {
			isa = PBXNativeTarget;
			buildConfigurationList = 8D6333F3264B23ED005E08FE /* Build configuration list for PBXNativeTarget "Login" */;
			buildPhases = (
				8D6333DB264B23EB005E08FE /* Sources */,
				8D6333DC264B23EB005E08FE /* Frameworks */,
				8D6333DD264B23EB005E08FE /* Resources */,
			);
			buildRules = (
			);
			dependencies = (
			);
			name = Login;
			productName = Login;
			productReference = 8D6333DF264B23EB005E08FE /* Login.app */;
			productType = "com.apple.product-type.application";
		};
/* End PBXNativeTarget section */

/* Begin PBXProject section */
		8D6333D7264B23EA005E08FE /* Project object */ = {
			isa = PBXProject;
			attributes = {
				LastSwiftUpdateCheck = 1250;
				LastUpgradeCheck = 1250;
				TargetAttributes = {
					8D6333DE264B23EB005E08FE = {
						CreatedOnToolsVersion = 12.5;
					};
				};
			};
			buildConfigurationList = 8D6333DA264B23EA005E08FE /* Build configuration list for PBXProject "Login" */;
			compatibilityVersion = "Xcode 9.3";
			developmentRegion = en;
			hasScannedForEncodings = 0;
			knownRegions = (
				en,
				Base,
			);
			mainGroup = 8D6333D6264B23EA005E08FE;
			productRefGroup = 8D6333E0264B23EB005E08FE /* Products */;
			projectDirPath = "";
			projectRoot = "";
			targets = (
				8D6333DE264B23EB005E08FE /* Login */,
			);
		};
/* End PBXProject section */

/* Begin PBXResourcesBuildPhase section */
		8D6333DD264B23EB005E08FE /* Resources */ = {
			isa = PBXResourcesBuildPhase;
			buildActionMask = 2147483647;
			files = (
				8D6333EF264B23ED005E08FE /* LaunchScreen.storyboard in Resources */,
				8D6333EC264B23ED005E08FE /* Assets.xcassets in Resources */,
				8D6333EA264B23EB005E08FE /* Main.storyboard in Resources */,
			);
			runOnlyForDeploymentPostprocessing = 0;
		};
/* End PBXResourcesBuildPhase section */

/* Begin PBXSourcesBuildPhase section */
		8D6333DB264B23EB005E08FE /* Sources */ = {
			isa = PBXSourcesBuildPhase;
			buildActionMask = 2147483647;
			files = (
				8D6333FC264B252F005E08FE /* getToken.swift in Sources */,
				8D6333E7264B23EB005E08FE /* ViewController.swift in Sources */,
				8DDFF9E4264D993800C7FC46 /* Contacts.swift in Sources */,
				8DF2756C264C4C6B00A74AC6 /* MD5.swift in Sources */,
				8D6333FA264B24A6005E08FE /* Login.swift in Sources */,
				8D6333F8264B243A005E08FE /* APIError.swift in Sources */,
				8D6333E3264B23EB005E08FE /* AppDelegate.swift in Sources */,
				8D6333E5264B23EB005E08FE /* SceneDelegate.swift in Sources */,
				8D6333FF264B3349005E08FE /* NewtworkServices.swift in Sources */,
			);
			runOnlyForDeploymentPostprocessing = 0;
		};
/* End PBXSourcesBuildPhase section */

/* Begin PBXVariantGroup section */
		8D6333E8264B23EB005E08FE /* Main.storyboard */ = {
			isa = PBXVariantGroup;
			children = (
				8D6333E9264B23EB005E08FE /* Base */,
			);
			name = Main.storyboard;
			sourceTree = "<group>";
		};
		8D6333ED264B23ED005E08FE /* LaunchScreen.storyboard */ = {
			isa = PBXVariantGroup;
			children = (
				8D6333EE264B23ED005E08FE /* Base */,
			);
			name = LaunchScreen.storyboard;
			sourceTree = "<group>";
		};
/* End PBXVariantGroup section */

/* Begin XCBuildConfiguration section */
		8D6333F1264B23ED005E08FE /* Debug */ = {
			isa = XCBuildConfiguration;
			buildSettings = {
				ALWAYS_SEARCH_USER_PATHS = NO;
				CLANG_ANALYZER_NONNULL = YES;
				CLANG_ANALYZER_NUMBER_OBJECT_CONVERSION = YES_AGGRESSIVE;
				CLANG_CXX_LANGUAGE_STANDARD = "gnu++14";
				CLANG_CXX_LIBRARY = "libc++";
				CLANG_ENABLE_MODULES = YES;
				CLANG_ENABLE_OBJC_ARC = YES;
				CLANG_ENABLE_OBJC_WEAK = YES;
				CLANG_WARN_BLOCK_CAPTURE_AUTORELEASING = YES;
				CLANG_WARN_BOOL_CONVERSION = YES;
				CLANG_WARN_COMMA = YES;
				CLANG_WARN_CONSTANT_CONVERSION = YES;
				CLANG_WARN_DEPRECATED_OBJC_IMPLEMENTATIONS = YES;
				CLANG_WARN_DIRECT_OBJC_ISA_USAGE = YES_ERROR;
				CLANG_WARN_DOCUMENTATION_COMMENTS = YES;
				CLANG_WARN_EMPTY_BODY = YES;
				CLANG_WARN_ENUM_CONVERSION = YES;
				CLANG_WARN_INFINITE_RECURSION = YES;
				CLANG_WARN_INT_CONVERSION = YES;
				CLANG_WARN_NON_LITERAL_NULL_CONVERSION = YES;
				CLANG_WARN_OBJC_IMPLICIT_RETAIN_SELF = YES;
				CLANG_WARN_OBJC_LITERAL_CONVERSION = YES;
				CLANG_WARN_OBJC_ROOT_CLASS = YES_ERROR;
				CLANG_WARN_QUOTED_INCLUDE_IN_FRAMEWORK_HEADER = YES;
				CLANG_WARN_RANGE_LOOP_ANALYSIS = YES;
				CLANG_WARN_STRICT_PROTOTYPES = YES;
				CLANG_WARN_SUSPICIOUS_MOVE = YES;
				CLANG_WARN_UNGUARDED_AVAILABILITY = YES_AGGRESSIVE;
				CLANG_WARN_UNREACHABLE_CODE = YES;
				CLANG_WARN__DUPLICATE_METHOD_MATCH = YES;
				COPY_PHASE_STRIP = NO;
				DEBUG_INFORMATION_FORMAT = dwarf;
				ENABLE_STRICT_OBJC_MSGSEND = YES;
				ENABLE_TESTABILITY = YES;
				GCC_C_LANGUAGE_STANDARD = gnu11;
				GCC_DYNAMIC_NO_PIC = NO;
				GCC_NO_COMMON_BLOCKS = YES;
				GCC_OPTIMIZATION_LEVEL = 0;
				GCC_PREPROCESSOR_DEFINITIONS = (
					"DEBUG=1",
					"$(inherited)",
				);
				GCC_WARN_64_TO_32_BIT_CONVERSION = YES;
				GCC_WARN_ABOUT_RETURN_TYPE = YES_ERROR;
				GCC_WARN_UNDECLARED_SELECTOR = YES;
				GCC_WARN_UNINITIALIZED_AUTOS = YES_AGGRESSIVE;
				GCC_WARN_UNUSED_FUNCTION = YES;
				GCC_WARN_UNUSED_VARIABLE = YES;
				IPHONEOS_DEPLOYMENT_TARGET = 14.5;
				MTL_ENABLE_DEBUG_INFO = INCLUDE_SOURCE;
				MTL_FAST_MATH = YES;
				ONLY_ACTIVE_ARCH = YES;
				SDKROOT = iphoneos;
				SWIFT_ACTIVE_COMPILATION_CONDITIONS = DEBUG;
				SWIFT_OPTIMIZATION_LEVEL = "-Onone";
			};
			name = Debug;
		};
		8D6333F2264B23ED005E08FE /* Release */ = {
			isa = XCBuildConfiguration;
			buildSettings = {
				ALWAYS_SEARCH_USER_PATHS = NO;
				CLANG_ANALYZER_NONNULL = YES;
				CLANG_ANALYZER_NUMBER_OBJECT_CONVERSION = YES_AGGRESSIVE;
				CLANG_CXX_LANGUAGE_STANDARD = "gnu++14";
				CLANG_CXX_LIBRARY = "libc++";
				CLANG_ENABLE_MODULES = YES;
				CLANG_ENABLE_OBJC_ARC = YES;
				CLANG_ENABLE_OBJC_WEAK = YES;
				CLANG_WARN_BLOCK_CAPTURE_AUTORELEASING = YES;
				CLANG_WARN_BOOL_CONVERSION = YES;
				CLANG_WARN_COMMA = YES;
				CLANG_WARN_CONSTANT_CONVERSION = YES;
				CLANG_WARN_DEPRECATED_OBJC_IMPLEMENTATIONS = YES;
				CLANG_WARN_DIRECT_OBJC_ISA_USAGE = YES_ERROR;
				CLANG_WARN_DOCUMENTATION_COMMENTS = YES;
				CLANG_WARN_EMPTY_BODY = YES;
				CLANG_WARN_ENUM_CONVERSION = YES;
				CLANG_WARN_INFINITE_RECURSION = YES;
				CLANG_WARN_INT_CONVERSION = YES;
				CLANG_WARN_NON_LITERAL_NULL_CONVERSION = YES;
				CLANG_WARN_OBJC_IMPLICIT_RETAIN_SELF = YES;
				CLANG_WARN_OBJC_LITERAL_CONVERSION = YES;
				CLANG_WARN_OBJC_ROOT_CLASS = YES_ERROR;
				CLANG_WARN_QUOTED_INCLUDE_IN_FRAMEWORK_HEADER = YES;
				CLANG_WARN_RANGE_LOOP_ANALYSIS = YES;
				CLANG_WARN_STRICT_PROTOTYPES = YES;
				CLANG_WARN_SUSPICIOUS_MOVE = YES;
				CLANG_WARN_UNGUARDED_AVAILABILITY = YES_AGGRESSIVE;
				CLANG_WARN_UNREACHABLE_CODE = YES;
				CLANG_WARN__DUPLICATE_METHOD_MATCH = YES;
				COPY_PHASE_STRIP = NO;
				DEBUG_INFORMATION_FORMAT = "dwarf-with-dsym";
				ENABLE_NS_ASSERTIONS = NO;
				ENABLE_STRICT_OBJC_MSGSEND = YES;
				GCC_C_LANGUAGE_STANDARD = gnu11;
				GCC_NO_COMMON_BLOCKS = YES;
				GCC_WARN_64_TO_32_BIT_CONVERSION = YES;
				GCC_WARN_ABOUT_RETURN_TYPE = YES_ERROR;
				GCC_WARN_UNDECLARED_SELECTOR = YES;
				GCC_WARN_UNINITIALIZED_AUTOS = YES_AGGRESSIVE;
				GCC_WARN_UNUSED_FUNCTION = YES;
				GCC_WARN_UNUSED_VARIABLE = YES;
				IPHONEOS_DEPLOYMENT_TARGET = 14.5;
				MTL_ENABLE_DEBUG_INFO = NO;
				MTL_FAST_MATH = YES;
				SDKROOT = iphoneos;
				SWIFT_COMPILATION_MODE = wholemodule;
				SWIFT_OPTIMIZATION_LEVEL = "-O";
				VALIDATE_PRODUCT = YES;
			};
			name = Release;
		};
		8D6333F4264B23ED005E08FE /* Debug */ = {
			isa = XCBuildConfiguration;
			buildSettings = {
				ASSETCATALOG_COMPILER_APPICON_NAME = AppIcon;
				ASSETCATALOG_COMPILER_GLOBAL_ACCENT_COLOR_NAME = AccentColor;
				CODE_SIGN_STYLE = Automatic;
				DEVELOPMENT_TEAM = S52ZRS44GD;
				INFOPLIST_FILE = Login/Info.plist;
				LD_RUNPATH_SEARCH_PATHS = (
					"$(inherited)",
					"@executable_path/Frameworks",
				);
				PRODUCT_BUNDLE_IDENTIFIER = com.detotounpoquito.Login;
				PRODUCT_NAME = "$(TARGET_NAME)";
				SWIFT_VERSION = 5.0;
				TARGETED_DEVICE_FAMILY = "1,2";
			};
			name = Debug;
		};
		8D6333F5264B23ED005E08FE /* Release */ = {
			isa = XCBuildConfiguration;
			buildSettings = {
				ASSETCATALOG_COMPILER_APPICON_NAME = AppIcon;
				ASSETCATALOG_COMPILER_GLOBAL_ACCENT_COLOR_NAME = AccentColor;
				CODE_SIGN_STYLE = Automatic;
				DEVELOPMENT_TEAM = S52ZRS44GD;
				INFOPLIST_FILE = Login/Info.plist;
				LD_RUNPATH_SEARCH_PATHS = (
					"$(inherited)",
					"@executable_path/Frameworks",
				);
				PRODUCT_BUNDLE_IDENTIFIER = com.detotounpoquito.Login;
				PRODUCT_NAME = "$(TARGET_NAME)";
				SWIFT_VERSION = 5.0;
				TARGETED_DEVICE_FAMILY = "1,2";
			};
			name = Release;
		};
/* End XCBuildConfiguration section */

/* Begin XCConfigurationList section */
		8D6333DA264B23EA005E08FE /* Build configuration list for PBXProject "Login" */ = {
			isa = XCConfigurationList;
			buildConfigurations = (
				8D6333F1264B23ED005E08FE /* Debug */,
				8D6333F2264B23ED005E08FE /* Release */,
			);
			defaultConfigurationIsVisible = 0;
			defaultConfigurationName = Release;
		};
		8D6333F3264B23ED005E08FE /* Build configuration list for PBXNativeTarget "Login" */ = {
			isa = XCConfigurationList;
			buildConfigurations = (
				8D6333F4264B23ED005E08FE /* Debug */,
				8D6333F5264B23ED005E08FE /* Release */,
			);
			defaultConfigurationIsVisible = 0;
			defaultConfigurationName = Release;
		};
/* End XCConfigurationList section */
	};
	rootObject = 8D6333D7264B23EA005E08FE /* Project object */;
}
